
Microsoft Visual Studio Solution File, Format Version 12.00
# Visual Studio Version 17
VisualStudioVersion = 17.11.35312.102
MinimumVisualStudioVersion = 10.0.40219.1
Project("{FAE04EC0-301F-11D3-BF4B-00C04F79EFBC}") = "MouldLibrary", "MouldLibrary.csproj", "{0978B527-711B-4BE7-8F83-8C4871316957}"
EndProject
Global
	GlobalSection(SolutionConfigurationPlatforms) = preSolution
		Debug|Any CPU = Debug|Any CPU
		Release|Any CPU = Release|Any CPU
	EndGlobalSection
	GlobalSection(ProjectConfigurationPlatforms) = postSolution
		{0978B527-711B-4BE7-8F83-8C4871316957}.Debug|Any CPU.ActiveCfg = Debug|Any CPU
		{0978B527-711B-4BE7-8F83-8C4871316957}.Debug|Any CPU.Build.0 = Debug|Any CPU
		{0978B527-711B-4BE7-8F83-8C4871316957}.Release|Any CPU.ActiveCfg = Release|Any CPU
		{0978B527-711B-4BE7-8F83-8C4871316957}.Release|Any CPU.Build.0 = Release|Any CPU
	EndGlobalSection
	GlobalSection(SolutionProperties) = preSolution
		HideSolutionNode = FALSE
	EndGlobalSection
	GlobalSection(ExtensibilityGlobals) = postSolution
		SolutionGuid = {F632B324-8A27-43B4-93A2-D644AE1AFFA6}
	EndGlobalSection
EndGlobal
