
Microsoft Visual Studio Solution File, Format Version 12.00
# Visual Studio Version 17
VisualStudioVersion = 17.11.35312.102
MinimumVisualStudioVersion = 10.0.40219.1
Project("{FAE04EC0-301F-11D3-BF4B-00C04F79EFBC}") = "Matrix", "Matrix\Matrix.csproj", "{A2BF4EA6-C7E4-4032-8DDA-6945A5AA0087}"
EndProject
Global
	GlobalSection(SolutionConfigurationPlatforms) = preSolution
		Debug|Any CPU = Debug|Any CPU
		Release|Any CPU = Release|Any CPU
	EndGlobalSection
	GlobalSection(ProjectConfigurationPlatforms) = postSolution
		{A2BF4EA6-C7E4-4032-8DDA-6945A5AA0087}.Debug|Any CPU.ActiveCfg = Debug|Any CPU
		{A2BF4EA6-C7E4-4032-8DDA-6945A5AA0087}.Debug|Any CPU.Build.0 = Debug|Any CPU
		{A2BF4EA6-C7E4-4032-8DDA-6945A5AA0087}.Release|Any CPU.ActiveCfg = Release|Any CPU
		{A2BF4EA6-C7E4-4032-8DDA-6945A5AA0087}.Release|Any CPU.Build.0 = Release|Any CPU
	EndGlobalSection
	GlobalSection(SolutionProperties) = preSolution
		HideSolutionNode = FALSE
	EndGlobalSection
	GlobalSection(ExtensibilityGlobals) = postSolution
		SolutionGuid = {F6061AAA-0F88-4BEF-AC2B-1B628814E477}
	EndGlobalSection
EndGlobal
