
Microsoft Visual Studio Solution File, Format Version 12.00
# Visual Studio Version 17
VisualStudioVersion = 17.11.35312.102
MinimumVisualStudioVersion = 10.0.40219.1
Project("{FAE04EC0-301F-11D3-BF4B-00C04F79EFBC}") = "CustomLibrary", "CustomLibrary.csproj", "{67A8F642-90BE-4229-9EDF-657E9F8E3458}"
EndProject
Global
	GlobalSection(SolutionConfigurationPlatforms) = preSolution
		Debug|Any CPU = Debug|Any CPU
		Release|Any CPU = Release|Any CPU
	EndGlobalSection
	GlobalSection(ProjectConfigurationPlatforms) = postSolution
		{67A8F642-90BE-4229-9EDF-657E9F8E3458}.Debug|Any CPU.ActiveCfg = Debug|Any CPU
		{67A8F642-90BE-4229-9EDF-657E9F8E3458}.Debug|Any CPU.Build.0 = Debug|Any CPU
		{67A8F642-90BE-4229-9EDF-657E9F8E3458}.Release|Any CPU.ActiveCfg = Release|Any CPU
		{67A8F642-90BE-4229-9EDF-657E9F8E3458}.Release|Any CPU.Build.0 = Release|Any CPU
	EndGlobalSection
	GlobalSection(SolutionProperties) = preSolution
		HideSolutionNode = FALSE
	EndGlobalSection
	GlobalSection(ExtensibilityGlobals) = postSolution
		SolutionGuid = {B01843DC-149F-4CFE-9698-28EC28CBC85D}
	EndGlobalSection
EndGlobal
